
Microsoft Visual Studio Solution File, Format Version 12.00
# Visual Studio Version 16
VisualStudioVersion = 16.0.30804.86
MinimumVisualStudioVersion = 10.0.40219.1
Project("{FAE04EC0-301F-11D3-BF4B-00C04F79EFBC}") = "FestivalsStub", "FestivalsStub\FestivalsStub.csproj", "{4A6ADB93-B920-4118-BDE1-748C1DF5914F}"
EndProject
Project("{FAE04EC0-301F-11D3-BF4B-00C04F79EFBC}") = "WebTest", "WebTest\WebTest.csproj", "{4C4C6B56-71AC-459A-8E5B-28D9BB063314}"
EndProject
Project("{2150E333-8FDC-42A3-9474-1A3956D46DE8}") = "Solution Items", "Solution Items", "{126E7FB4-1ACD-4817-9393-5EE5A456E45A}"
	ProjectSection(SolutionItems) = preProject
		ReadMe.MD = ReadMe.MD
	EndProjectSection
EndProject
Global
	GlobalSection(SolutionConfigurationPlatforms) = preSolution
		Debug|Any CPU = Debug|Any CPU
		Release|Any CPU = Release|Any CPU
	EndGlobalSection
	GlobalSection(ProjectConfigurationPlatforms) = postSolution
		{4A6ADB93-B920-4118-BDE1-748C1DF5914F}.Debug|Any CPU.ActiveCfg = Debug|Any CPU
		{4A6ADB93-B920-4118-BDE1-748C1DF5914F}.Debug|Any CPU.Build.0 = Debug|Any CPU
		{4A6ADB93-B920-4118-BDE1-748C1DF5914F}.Release|Any CPU.ActiveCfg = Release|Any CPU
		{4A6ADB93-B920-4118-BDE1-748C1DF5914F}.Release|Any CPU.Build.0 = Release|Any CPU
		{4C4C6B56-71AC-459A-8E5B-28D9BB063314}.Debug|Any CPU.ActiveCfg = Debug|Any CPU
		{4C4C6B56-71AC-459A-8E5B-28D9BB063314}.Debug|Any CPU.Build.0 = Debug|Any CPU
		{4C4C6B56-71AC-459A-8E5B-28D9BB063314}.Release|Any CPU.ActiveCfg = Release|Any CPU
		{4C4C6B56-71AC-459A-8E5B-28D9BB063314}.Release|Any CPU.Build.0 = Release|Any CPU
	EndGlobalSection
	GlobalSection(SolutionProperties) = preSolution
		HideSolutionNode = FALSE
	EndGlobalSection
	GlobalSection(ExtensibilityGlobals) = postSolution
		SolutionGuid = {8E204C39-F42A-4D29-B3D3-8DF78D49229A}
	EndGlobalSection
EndGlobal
